// !$*UTF8*$!
{
	archiveVersion = 1;
	classes = {
	};
	objectVersion = 50;
	objects = {

/* Begin PBXBuildFile section */
		84573BB823A0E9AA00E42AC8 /* CircleImage.swift in Sources */ = {isa = PBXBuildFile; fileRef = 84573BB723A0E9AA00E42AC8 /* CircleImage.swift */; };
		84573BBA23A1121800E42AC8 /* MapView.swift in Sources */ = {isa = PBXBuildFile; fileRef = 84573BB923A1121800E42AC8 /* MapView.swift */; };
		845A1C4823A03CE5009831CA /* AppDelegate.swift in Sources */ = {isa = PBXBuildFile; fileRef = 845A1C4723A03CE5009831CA /* AppDelegate.swift */; };
		845A1C4A23A03CE5009831CA /* SceneDelegate.swift in Sources */ = {isa = PBXBuildFile; fileRef = 845A1C4923A03CE5009831CA /* SceneDelegate.swift */; };
		845A1C4C23A03CE5009831CA /* ContentView.swift in Sources */ = {isa = PBXBuildFile; fileRef = 845A1C4B23A03CE5009831CA /* ContentView.swift */; };
		845A1C4E23A03CF2009831CA /* Assets.xcassets in Resources */ = {isa = PBXBuildFile; fileRef = 845A1C4D23A03CF2009831CA /* Assets.xcassets */; };
		845A1C5123A03CF2009831CA /* Preview Assets.xcassets in Resources */ = {isa = PBXBuildFile; fileRef = 845A1C5023A03CF2009831CA /* Preview Assets.xcassets */; };
		845A1C5423A03CF2009831CA /* LaunchScreen.storyboard in Resources */ = {isa = PBXBuildFile; fileRef = 845A1C5223A03CF2009831CA /* LaunchScreen.storyboard */; };
		845A1C5F23A03CF2009831CA /* LandmarksTests.swift in Sources */ = {isa = PBXBuildFile; fileRef = 845A1C5E23A03CF2009831CA /* LandmarksTests.swift */; };
		845A1C6A23A03CF2009831CA /* LandmarksUITests.swift in Sources */ = {isa = PBXBuildFile; fileRef = 845A1C6923A03CF2009831CA /* LandmarksUITests.swift */; };
/* End PBXBuildFile section */

/* Begin PBXContainerItemProxy section */
		845A1C5B23A03CF2009831CA /* PBXContainerItemProxy */ = {
			isa = PBXContainerItemProxy;
			containerPortal = 845A1C3C23A03CE5009831CA /* Project object */;
			proxyType = 1;
			remoteGlobalIDString = 845A1C4323A03CE5009831CA;
			remoteInfo = Landmarks;
		};
		845A1C6623A03CF2009831CA /* PBXContainerItemProxy */ = {
			isa = PBXContainerItemProxy;
			containerPortal = 845A1C3C23A03CE5009831CA /* Project object */;
			proxyType = 1;
			remoteGlobalIDString = 845A1C4323A03CE5009831CA;
			remoteInfo = Landmarks;
		};
/* End PBXContainerItemProxy section */

/* Begin PBXFileReference section */
		84573BB723A0E9AA00E42AC8 /* CircleImage.swift */ = {isa = PBXFileReference; lastKnownFileType = sourcecode.swift; path = CircleImage.swift; sourceTree = "<group>"; };
		84573BB923A1121800E42AC8 /* MapView.swift */ = {isa = PBXFileReference; lastKnownFileType = sourcecode.swift; path = MapView.swift; sourceTree = "<group>"; };
		845A1C4423A03CE5009831CA /* Landmarks.app */ = {isa = PBXFileReference; explicitFileType = wrapper.application; includeInIndex = 0; path = Landmarks.app; sourceTree = BUILT_PRODUCTS_DIR; };
		845A1C4723A03CE5009831CA /* AppDelegate.swift */ = {isa = PBXFileReference; lastKnownFileType = sourcecode.swift; path = AppDelegate.swift; sourceTree = "<group>"; };
		845A1C4923A03CE5009831CA /* SceneDelegate.swift */ = {isa = PBXFileReference; lastKnownFileType = sourcecode.swift; path = SceneDelegate.swift; sourceTree = "<group>"; };
		845A1C4B23A03CE5009831CA /* ContentView.swift */ = {isa = PBXFileReference; lastKnownFileType = sourcecode.swift; path = ContentView.swift; sourceTree = "<group>"; };
		845A1C4D23A03CF2009831CA /* Assets.xcassets */ = {isa = PBXFileReference; lastKnownFileType = folder.assetcatalog; path = Assets.xcassets; sourceTree = "<group>"; };
		845A1C5023A03CF2009831CA /* Preview Assets.xcassets */ = {isa = PBXFileReference; lastKnownFileType = folder.assetcatalog; path = "Preview Assets.xcassets"; sourceTree = "<group>"; };
		845A1C5323A03CF2009831CA /* Base */ = {isa = PBXFileReference; lastKnownFileType = file.storyboard; name = Base; path = Base.lproj/LaunchScreen.storyboard; sourceTree = "<group>"; };
		845A1C5523A03CF2009831CA /* Info.plist */ = {isa = PBXFileReference; lastKnownFileType = text.plist.xml; path = Info.plist; sourceTree = "<group>"; };
		845A1C5A23A03CF2009831CA /* LandmarksTests.xctest */ = {isa = PBXFileReference; explicitFileType = wrapper.cfbundle; includeInIndex = 0; path = LandmarksTests.xctest; sourceTree = BUILT_PRODUCTS_DIR; };
		845A1C5E23A03CF2009831CA /* LandmarksTests.swift */ = {isa = PBXFileReference; lastKnownFileType = sourcecode.swift; path = LandmarksTests.swift; sourceTree = "<group>"; };
		845A1C6023A03CF2009831CA /* Info.plist */ = {isa = PBXFileReference; lastKnownFileType = text.plist.xml; path = Info.plist; sourceTree = "<group>"; };
		845A1C6523A03CF2009831CA /* LandmarksUITests.xctest */ = {isa = PBXFileReference; explicitFileType = wrapper.cfbundle; includeInIndex = 0; path = LandmarksUITests.xctest; sourceTree = BUILT_PRODUCTS_DIR; };
		845A1C6923A03CF2009831CA /* LandmarksUITests.swift */ = {isa = PBXFileReference; lastKnownFileType = sourcecode.swift; path = LandmarksUITests.swift; sourceTree = "<group>"; };
		845A1C6B23A03CF2009831CA /* Info.plist */ = {isa = PBXFileReference; lastKnownFileType = text.plist.xml; path = Info.plist; sourceTree = "<group>"; };
/* End PBXFileReference section */

/* Begin PBXFrameworksBuildPhase section */
		845A1C4123A03CE5009831CA /* Frameworks */ = {
			isa = PBXFrameworksBuildPhase;
			buildActionMask = 2147483647;
			files = (
			);
			runOnlyForDeploymentPostprocessing = 0;
		};
		845A1C5723A03CF2009831CA /* Frameworks */ = {
			isa = PBXFrameworksBuildPhase;
			buildActionMask = 2147483647;
			files = (
			);
			runOnlyForDeploymentPostprocessing = 0;
		};
		845A1C6223A03CF2009831CA /* Frameworks */ = {
			isa = PBXFrameworksBuildPhase;
			buildActionMask = 2147483647;
			files = (
			);
			runOnlyForDeploymentPostprocessing = 0;
		};
/* End PBXFrameworksBuildPhase section */

/* Begin PBXGroup section */
		845A1C3B23A03CE5009831CA = {
			isa = PBXGroup;
			children = (
				845A1C4623A03CE5009831CA /* Landmarks */,
				845A1C5D23A03CF2009831CA /* LandmarksTests */,
				845A1C6823A03CF2009831CA /* LandmarksUITests */,
				845A1C4523A03CE5009831CA /* Products */,
			);
			sourceTree = "<group>";
		};
		845A1C4523A03CE5009831CA /* Products */ = {
			isa = PBXGroup;
			children = (
				845A1C4423A03CE5009831CA /* Landmarks.app */,
				845A1C5A23A03CF2009831CA /* LandmarksTests.xctest */,
				845A1C6523A03CF2009831CA /* LandmarksUITests.xctest */,
			);
			name = Products;
			sourceTree = "<group>";
		};
		845A1C4623A03CE5009831CA /* Landmarks */ = {
			isa = PBXGroup;
			children = (
				845A1C4723A03CE5009831CA /* AppDelegate.swift */,
				845A1C4923A03CE5009831CA /* SceneDelegate.swift */,
				845A1C4B23A03CE5009831CA /* ContentView.swift */,
				845A1C4D23A03CF2009831CA /* Assets.xcassets */,
				84573BB723A0E9AA00E42AC8 /* CircleImage.swift */,
				84573BB923A1121800E42AC8 /* MapView.swift */,
				845A1C5223A03CF2009831CA /* LaunchScreen.storyboard */,
				845A1C5523A03CF2009831CA /* Info.plist */,
				845A1C4F23A03CF2009831CA /* Preview Content */,
			);
			path = Landmarks;
			sourceTree = "<group>";
		};
		845A1C4F23A03CF2009831CA /* Preview Content */ = {
			isa = PBXGroup;
			children = (
				845A1C5023A03CF2009831CA /* Preview Assets.xcassets */,
			);
			path = "Preview Content";
			sourceTree = "<group>";
		};
		845A1C5D23A03CF2009831CA /* LandmarksTests */ = {
			isa = PBXGroup;
			children = (
				845A1C5E23A03CF2009831CA /* LandmarksTests.swift */,
				845A1C6023A03CF2009831CA /* Info.plist */,
			);
			path = LandmarksTests;
			sourceTree = "<group>";
		};
		845A1C6823A03CF2009831CA /* LandmarksUITests */ = {
			isa = PBXGroup;
			children = (
				845A1C6923A03CF2009831CA /* LandmarksUITests.swift */,
				845A1C6B23A03CF2009831CA /* Info.plist */,
			);
			path = LandmarksUITests;
			sourceTree = "<group>";
		};
/* End PBXGroup section */

/* Begin PBXNativeTarget section */
		845A1C4323A03CE5009831CA /* Landmarks */ = {
			isa = PBXNativeTarget;
			buildConfigurationList = 845A1C6E23A03CF2009831CA /* Build configuration list for PBXNativeTarget "Landmarks" */;
			buildPhases = (
				845A1C4023A03CE5009831CA /* Sources */,
				845A1C4123A03CE5009831CA /* Frameworks */,
				845A1C4223A03CE5009831CA /* Resources */,
			);
			buildRules = (
			);
			dependencies = (
			);
			name = Landmarks;
			productName = Landmarks;
			productReference = 845A1C4423A03CE5009831CA /* Landmarks.app */;
			productType = "com.apple.product-type.application";
		};
		845A1C5923A03CF2009831CA /* LandmarksTests */ = {
			isa = PBXNativeTarget;
			buildConfigurationList = 845A1C7123A03CF3009831CA /* Build configuration list for PBXNativeTarget "LandmarksTests" */;
			buildPhases = (
				845A1C5623A03CF2009831CA /* Sources */,
				845A1C5723A03CF2009831CA /* Frameworks */,
				845A1C5823A03CF2009831CA /* Resources */,
			);
			buildRules = (
			);
			dependencies = (
				845A1C5C23A03CF2009831CA /* PBXTargetDependency */,
			);
			name = LandmarksTests;
			productName = LandmarksTests;
			productReference = 845A1C5A23A03CF2009831CA /* LandmarksTests.xctest */;
			productType = "com.apple.product-type.bundle.unit-test";
		};
		845A1C6423A03CF2009831CA /* LandmarksUITests */ = {
			isa = PBXNativeTarget;
			buildConfigurationList = 845A1C7423A03CF3009831CA /* Build configuration list for PBXNativeTarget "LandmarksUITests" */;
			buildPhases = (
				845A1C6123A03CF2009831CA /* Sources */,
				845A1C6223A03CF2009831CA /* Frameworks */,
				845A1C6323A03CF2009831CA /* Resources */,
			);
			buildRules = (
			);
			dependencies = (
				845A1C6723A03CF2009831CA /* PBXTargetDependency */,
			);
			name = LandmarksUITests;
			productName = LandmarksUITests;
			productReference = 845A1C6523A03CF2009831CA /* LandmarksUITests.xctest */;
			productType = "com.apple.product-type.bundle.ui-testing";
		};
/* End PBXNativeTarget section */

/* Begin PBXProject section */
		845A1C3C23A03CE5009831CA /* Project object */ = {
			isa = PBXProject;
			attributes = {
				LastSwiftUpdateCheck = 1120;
				LastUpgradeCheck = 1120;
				ORGANIZATIONNAME = HWolf;
				TargetAttributes = {
					845A1C4323A03CE5009831CA = {
						CreatedOnToolsVersion = 11.2.1;
					};
					845A1C5923A03CF2009831CA = {
						CreatedOnToolsVersion = 11.2.1;
						TestTargetID = 845A1C4323A03CE5009831CA;
					};
					845A1C6423A03CF2009831CA = {
						CreatedOnToolsVersion = 11.2.1;
						TestTargetID = 845A1C4323A03CE5009831CA;
					};
				};
			};
			buildConfigurationList = 845A1C3F23A03CE5009831CA /* Build configuration list for PBXProject "Landmarks" */;
			compatibilityVersion = "Xcode 9.3";
			developmentRegion = en;
			hasScannedForEncodings = 0;
			knownRegions = (
				en,
				Base,
			);
			mainGroup = 845A1C3B23A03CE5009831CA;
			productRefGroup = 845A1C4523A03CE5009831CA /* Products */;
			projectDirPath = "";
			projectRoot = "";
			targets = (
				845A1C4323A03CE5009831CA /* Landmarks */,
				845A1C5923A03CF2009831CA /* LandmarksTests */,
				845A1C6423A03CF2009831CA /* LandmarksUITests */,
			);
		};
/* End PBXProject section */

/* Begin PBXResourcesBuildPhase section */
		845A1C4223A03CE5009831CA /* Resources */ = {
			isa = PBXResourcesBuildPhase;
			buildActionMask = 2147483647;
			files = (
				845A1C5423A03CF2009831CA /* LaunchScreen.storyboard in Resources */,
				845A1C5123A03CF2009831CA /* Preview Assets.xcassets in Resources */,
				845A1C4E23A03CF2009831CA /* Assets.xcassets in Resources */,
			);
			runOnlyForDeploymentPostprocessing = 0;
		};
		845A1C5823A03CF2009831CA /* Resources */ = {
			isa = PBXResourcesBuildPhase;
			buildActionMask = 2147483647;
			files = (
			);
			runOnlyForDeploymentPostprocessing = 0;
		};
		845A1C6323A03CF2009831CA /* Resources */ = {
			isa = PBXResourcesBuildPhase;
			buildActionMask = 2147483647;
			files = (
			);
			runOnlyForDeploymentPostprocessing = 0;
		};
/* End PBXResourcesBuildPhase section */

/* Begin PBXSourcesBuildPhase section */
		845A1C4023A03CE5009831CA /* Sources */ = {
			isa = PBXSourcesBuildPhase;
			buildActionMask = 2147483647;
			files = (
				845A1C4823A03CE5009831CA /* AppDelegate.swift in Sources */,
				84573BB823A0E9AA00E42AC8 /* CircleImage.swift in Sources */,
				84573BBA23A1121800E42AC8 /* MapView.swift in Sources */,
				845A1C4A23A03CE5009831CA /* SceneDelegate.swift in Sources */,
				845A1C4C23A03CE5009831CA /* ContentView.swift in Sources */,
			);
			runOnlyForDeploymentPostprocessing = 0;
		};
		845A1C5623A03CF2009831CA /* Sources */ = {
			isa = PBXSourcesBuildPhase;
			buildActionMask = 2147483647;
			files = (
				845A1C5F23A03CF2009831CA /* LandmarksTests.swift in Sources */,
			);
			runOnlyForDeploymentPostprocessing = 0;
		};
		845A1C6123A03CF2009831CA /* Sources */ = {
			isa = PBXSourcesBuildPhase;
			buildActionMask = 2147483647;
			files = (
				845A1C6A23A03CF2009831CA /* LandmarksUITests.swift in Sources */,
			);
			runOnlyForDeploymentPostprocessing = 0;
		};
/* End PBXSourcesBuildPhase section */

/* Begin PBXTargetDependency section */
		845A1C5C23A03CF2009831CA /* PBXTargetDependency */ = {
			isa = PBXTargetDependency;
			target = 845A1C4323A03CE5009831CA /* Landmarks */;
			targetProxy = 845A1C5B23A03CF2009831CA /* PBXContainerItemProxy */;
		};
		845A1C6723A03CF2009831CA /* PBXTargetDependency */ = {
			isa = PBXTargetDependency;
			target = 845A1C4323A03CE5009831CA /* Landmarks */;
			targetProxy = 845A1C6623A03CF2009831CA /* PBXContainerItemProxy */;
		};
/* End PBXTargetDependency section */

/* Begin PBXVariantGroup section */
		845A1C5223A03CF2009831CA /* LaunchScreen.storyboard */ = {
			isa = PBXVariantGroup;
			children = (
				845A1C5323A03CF2009831CA /* Base */,
			);
			name = LaunchScreen.storyboard;
			sourceTree = "<group>";
		};
/* End PBXVariantGroup section */

/* Begin XCBuildConfiguration section */
		845A1C6C23A03CF2009831CA /* Debug */ = {
			isa = XCBuildConfiguration;
			buildSettings = {
				ALWAYS_SEARCH_USER_PATHS = NO;
				CLANG_ANALYZER_NONNULL = YES;
				CLANG_ANALYZER_NUMBER_OBJECT_CONVERSION = YES_AGGRESSIVE;
				CLANG_CXX_LANGUAGE_STANDARD = "gnu++14";
				CLANG_CXX_LIBRARY = "libc++";
				CLANG_ENABLE_MODULES = YES;
				CLANG_ENABLE_OBJC_ARC = YES;
				CLANG_ENABLE_OBJC_WEAK = YES;
				CLANG_WARN_BLOCK_CAPTURE_AUTORELEASING = YES;
				CLANG_WARN_BOOL_CONVERSION = YES;
				CLANG_WARN_COMMA = YES;
				CLANG_WARN_CONSTANT_CONVERSION = YES;
				CLANG_WARN_DEPRECATED_OBJC_IMPLEMENTATIONS = YES;
				CLANG_WARN_DIRECT_OBJC_ISA_USAGE = YES_ERROR;
				CLANG_WARN_DOCUMENTATION_COMMENTS = YES;
				CLANG_WARN_EMPTY_BODY = YES;
				CLANG_WARN_ENUM_CONVERSION = YES;
				CLANG_WARN_INFINITE_RECURSION = YES;
				CLANG_WARN_INT_CONVERSION = YES;
				CLANG_WARN_NON_LITERAL_NULL_CONVERSION = YES;
				CLANG_WARN_OBJC_IMPLICIT_RETAIN_SELF = YES;
				CLANG_WARN_OBJC_LITERAL_CONVERSION = YES;
				CLANG_WARN_OBJC_ROOT_CLASS = YES_ERROR;
				CLANG_WARN_RANGE_LOOP_ANALYSIS = YES;
				CLANG_WARN_STRICT_PROTOTYPES = YES;
				CLANG_WARN_SUSPICIOUS_MOVE = YES;
				CLANG_WARN_UNGUARDED_AVAILABILITY = YES_AGGRESSIVE;
				CLANG_WARN_UNREACHABLE_CODE = YES;
				CLANG_WARN__DUPLICATE_METHOD_MATCH = YES;
				COPY_PHASE_STRIP = NO;
				DEBUG_INFORMATION_FORMAT = dwarf;
				ENABLE_STRICT_OBJC_MSGSEND = YES;
				ENABLE_TESTABILITY = YES;
				GCC_C_LANGUAGE_STANDARD = gnu11;
				GCC_DYNAMIC_NO_PIC = NO;
				GCC_NO_COMMON_BLOCKS = YES;
				GCC_OPTIMIZATION_LEVEL = 0;
				GCC_PREPROCESSOR_DEFINITIONS = (
					"DEBUG=1",
					"$(inherited)",
				);
				GCC_WARN_64_TO_32_BIT_CONVERSION = YES;
				GCC_WARN_ABOUT_RETURN_TYPE = YES_ERROR;
				GCC_WARN_UNDECLARED_SELECTOR = YES;
				GCC_WARN_UNINITIALIZED_AUTOS = YES_AGGRESSIVE;
				GCC_WARN_UNUSED_FUNCTION = YES;
				GCC_WARN_UNUSED_VARIABLE = YES;
				IPHONEOS_DEPLOYMENT_TARGET = 13.2;
				MTL_ENABLE_DEBUG_INFO = INCLUDE_SOURCE;
				MTL_FAST_MATH = YES;
				ONLY_ACTIVE_ARCH = YES;
				SDKROOT = iphoneos;
				SWIFT_ACTIVE_COMPILATION_CONDITIONS = DEBUG;
				SWIFT_OPTIMIZATION_LEVEL = "-Onone";
			};
			name = Debug;
		};
		845A1C6D23A03CF2009831CA /* Release */ = {
			isa = XCBuildConfiguration;
			buildSettings = {
				ALWAYS_SEARCH_USER_PATHS = NO;
				CLANG_ANALYZER_NONNULL = YES;
				CLANG_ANALYZER_NUMBER_OBJECT_CONVERSION = YES_AGGRESSIVE;
				CLANG_CXX_LANGUAGE_STANDARD = "gnu++14";
				CLANG_CXX_LIBRARY = "libc++";
				CLANG_ENABLE_MODULES = YES;
				CLANG_ENABLE_OBJC_ARC = YES;
				CLANG_ENABLE_OBJC_WEAK = YES;
				CLANG_WARN_BLOCK_CAPTURE_AUTORELEASING = YES;
				CLANG_WARN_BOOL_CONVERSION = YES;
				CLANG_WARN_COMMA = YES;
				CLANG_WARN_CONSTANT_CONVERSION = YES;
				CLANG_WARN_DEPRECATED_OBJC_IMPLEMENTATIONS = YES;
				CLANG_WARN_DIRECT_OBJC_ISA_USAGE = YES_ERROR;
				CLANG_WARN_DOCUMENTATION_COMMENTS = YES;
				CLANG_WARN_EMPTY_BODY = YES;
				CLANG_WARN_ENUM_CONVERSION = YES;
				CLANG_WARN_INFINITE_RECURSION = YES;
				CLANG_WARN_INT_CONVERSION = YES;
				CLANG_WARN_NON_LITERAL_NULL_CONVERSION = YES;
				CLANG_WARN_OBJC_IMPLICIT_RETAIN_SELF = YES;
				CLANG_WARN_OBJC_LITERAL_CONVERSION = YES;
				CLANG_WARN_OBJC_ROOT_CLASS = YES_ERROR;
				CLANG_WARN_RANGE_LOOP_ANALYSIS = YES;
				CLANG_WARN_STRICT_PROTOTYPES = YES;
				CLANG_WARN_SUSPICIOUS_MOVE = YES;
				CLANG_WARN_UNGUARDED_AVAILABILITY = YES_AGGRESSIVE;
				CLANG_WARN_UNREACHABLE_CODE = YES;
				CLANG_WARN__DUPLICATE_METHOD_MATCH = YES;
				COPY_PHASE_STRIP = NO;
				DEBUG_INFORMATION_FORMAT = "dwarf-with-dsym";
				ENABLE_NS_ASSERTIONS = NO;
				ENABLE_STRICT_OBJC_MSGSEND = YES;
				GCC_C_LANGUAGE_STANDARD = gnu11;
				GCC_NO_COMMON_BLOCKS = YES;
				GCC_WARN_64_TO_32_BIT_CONVERSION = YES;
				GCC_WARN_ABOUT_RETURN_TYPE = YES_ERROR;
				GCC_WARN_UNDECLARED_SELECTOR = YES;
				GCC_WARN_UNINITIALIZED_AUTOS = YES_AGGRESSIVE;
				GCC_WARN_UNUSED_FUNCTION = YES;
				GCC_WARN_UNUSED_VARIABLE = YES;
				IPHONEOS_DEPLOYMENT_TARGET = 13.2;
				MTL_ENABLE_DEBUG_INFO = NO;
				MTL_FAST_MATH = YES;
				SDKROOT = iphoneos;
				SWIFT_COMPILATION_MODE = wholemodule;
				SWIFT_OPTIMIZATION_LEVEL = "-O";
				VALIDATE_PRODUCT = YES;
			};
			name = Release;
		};
		845A1C6F23A03CF2009831CA /* Debug */ = {
			isa = XCBuildConfiguration;
			buildSettings = {
				ASSETCATALOG_COMPILER_APPICON_NAME = AppIcon;
				CODE_SIGN_STYLE = Automatic;
				DEVELOPMENT_ASSET_PATHS = "\"Landmarks/Preview Content\"";
				ENABLE_PREVIEWS = YES;
				INFOPLIST_FILE = Landmarks/Info.plist;
				LD_RUNPATH_SEARCH_PATHS = (
					"$(inherited)",
					"@executable_path/Frameworks",
				);
				PRODUCT_BUNDLE_IDENTIFIER = com.dev.Landmarks;
				PRODUCT_NAME = "$(TARGET_NAME)";
				SWIFT_VERSION = 5.0;
				TARGETED_DEVICE_FAMILY = "1,2";
			};
			name = Debug;
		};
		845A1C7023A03CF2009831CA /* Release */ = {
			isa = XCBuildConfiguration;
			buildSettings = {
				ASSETCATALOG_COMPILER_APPICON_NAME = AppIcon;
				CODE_SIGN_STYLE = Automatic;
				DEVELOPMENT_ASSET_PATHS = "\"Landmarks/Preview Content\"";
				ENABLE_PREVIEWS = YES;
				INFOPLIST_FILE = Landmarks/Info.plist;
				LD_RUNPATH_SEARCH_PATHS = (
					"$(inherited)",
					"@executable_path/Frameworks",
				);
				PRODUCT_BUNDLE_IDENTIFIER = com.dev.Landmarks;
				PRODUCT_NAME = "$(TARGET_NAME)";
				SWIFT_VERSION = 5.0;
				TARGETED_DEVICE_FAMILY = "1,2";
			};
			name = Release;
		};
		845A1C7223A03CF3009831CA /* Debug */ = {
			isa = XCBuildConfiguration;
			buildSettings = {
				ALWAYS_EMBED_SWIFT_STANDARD_LIBRARIES = YES;
				BUNDLE_LOADER = "$(TEST_HOST)";
				CODE_SIGN_STYLE = Automatic;
				INFOPLIST_FILE = LandmarksTests/Info.plist;
				IPHONEOS_DEPLOYMENT_TARGET = 13.2;
				LD_RUNPATH_SEARCH_PATHS = (
					"$(inherited)",
					"@executable_path/Frameworks",
					"@loader_path/Frameworks",
				);
				PRODUCT_BUNDLE_IDENTIFIER = com.dev.LandmarksTests;
				PRODUCT_NAME = "$(TARGET_NAME)";
				SWIFT_VERSION = 5.0;
				TARGETED_DEVICE_FAMILY = "1,2";
				TEST_HOST = "$(BUILT_PRODUCTS_DIR)/Landmarks.app/Landmarks";
			};
			name = Debug;
		};
		845A1C7323A03CF3009831CA /* Release */ = {
			isa = XCBuildConfiguration;
			buildSettings = {
				ALWAYS_EMBED_SWIFT_STANDARD_LIBRARIES = YES;
				BUNDLE_LOADER = "$(TEST_HOST)";
				CODE_SIGN_STYLE = Automatic;
				INFOPLIST_FILE = LandmarksTests/Info.plist;
				IPHONEOS_DEPLOYMENT_TARGET = 13.2;
				LD_RUNPATH_SEARCH_PATHS = (
					"$(inherited)",
					"@executable_path/Frameworks",
					"@loader_path/Frameworks",
				);
				PRODUCT_BUNDLE_IDENTIFIER = com.dev.LandmarksTests;
				PRODUCT_NAME = "$(TARGET_NAME)";
				SWIFT_VERSION = 5.0;
				TARGETED_DEVICE_FAMILY = "1,2";
				TEST_HOST = "$(BUILT_PRODUCTS_DIR)/Landmarks.app/Landmarks";
			};
			name = Release;
		};
		845A1C7523A03CF3009831CA /* Debug */ = {
			isa = XCBuildConfiguration;
			buildSettings = {
				ALWAYS_EMBED_SWIFT_STANDARD_LIBRARIES = YES;
				CODE_SIGN_STYLE = Automatic;
				INFOPLIST_FILE = LandmarksUITests/Info.plist;
				LD_RUNPATH_SEARCH_PATHS = (
					"$(inherited)",
					"@executable_path/Frameworks",
					"@loader_path/Frameworks",
				);
				PRODUCT_BUNDLE_IDENTIFIER = com.dev.LandmarksUITests;
				PRODUCT_NAME = "$(TARGET_NAME)";
				SWIFT_VERSION = 5.0;
				TARGETED_DEVICE_FAMILY = "1,2";
				TEST_TARGET_NAME = Landmarks;
			};
			name = Debug;
		};
		845A1C7623A03CF3009831CA /* Release */ = {
			isa = XCBuildConfiguration;
			buildSettings = {
				ALWAYS_EMBED_SWIFT_STANDARD_LIBRARIES = YES;
				CODE_SIGN_STYLE = Automatic;
				INFOPLIST_FILE = LandmarksUITests/Info.plist;
				LD_RUNPATH_SEARCH_PATHS = (
					"$(inherited)",
					"@executable_path/Frameworks",
					"@loader_path/Frameworks",
				);
				PRODUCT_BUNDLE_IDENTIFIER = com.dev.LandmarksUITests;
				PRODUCT_NAME = "$(TARGET_NAME)";
				SWIFT_VERSION = 5.0;
				TARGETED_DEVICE_FAMILY = "1,2";
				TEST_TARGET_NAME = Landmarks;
			};
			name = Release;
		};
/* End XCBuildConfiguration section */

/* Begin XCConfigurationList section */
		845A1C3F23A03CE5009831CA /* Build configuration list for PBXProject "Landmarks" */ = {
			isa = XCConfigurationList;
			buildConfigurations = (
				845A1C6C23A03CF2009831CA /* Debug */,
				845A1C6D23A03CF2009831CA /* Release */,
			);
			defaultConfigurationIsVisible = 0;
			defaultConfigurationName = Release;
		};
		845A1C6E23A03CF2009831CA /* Build configuration list for PBXNativeTarget "Landmarks" */ = {
			isa = XCConfigurationList;
			buildConfigurations = (
				845A1C6F23A03CF2009831CA /* Debug */,
				845A1C7023A03CF2009831CA /* Release */,
			);
			defaultConfigurationIsVisible = 0;
			defaultConfigurationName = Release;
		};
		845A1C7123A03CF3009831CA /* Build configuration list for PBXNativeTarget "LandmarksTests" */ = {
			isa = XCConfigurationList;
			buildConfigurations = (
				845A1C7223A03CF3009831CA /* Debug */,
				845A1C7323A03CF3009831CA /* Release */,
			);
			defaultConfigurationIsVisible = 0;
			defaultConfigurationName = Release;
		};
		845A1C7423A03CF3009831CA /* Build configuration list for PBXNativeTarget "LandmarksUITests" */ = {
			isa = XCConfigurationList;
			buildConfigurations = (
				845A1C7523A03CF3009831CA /* Debug */,
				845A1C7623A03CF3009831CA /* Release */,
			);
			defaultConfigurationIsVisible = 0;
			defaultConfigurationName = Release;
		};
/* End XCConfigurationList section */
	};
	rootObject = 845A1C3C23A03CE5009831CA /* Project object */;
}
